
Microsoft Visual Studio Solution File, Format Version 12.00
# Visual Studio Version 17
VisualStudioVersion = 17.10.34916.146
MinimumVisualStudioVersion = 10.0.40219.1
Project("{FAE04EC0-301F-11D3-BF4B-00C04F79EFBC}") = "MvcMovies", "MvcMovies\MvcMovies.csproj", "{BCADEE17-1DDD-4B45-B8B6-603730BEEF5C}"
EndProject
Global
	GlobalSection(SolutionConfigurationPlatforms) = preSolution
		Debug|Any CPU = Debug|Any CPU
		Release|Any CPU = Release|Any CPU
	EndGlobalSection
	GlobalSection(ProjectConfigurationPlatforms) = postSolution
		{BCADEE17-1DDD-4B45-B8B6-603730BEEF5C}.Debug|Any CPU.ActiveCfg = Debug|Any CPU
		{BCADEE17-1DDD-4B45-B8B6-603730BEEF5C}.Debug|Any CPU.Build.0 = Debug|Any CPU
		{BCADEE17-1DDD-4B45-B8B6-603730BEEF5C}.Release|Any CPU.ActiveCfg = Release|Any CPU
		{BCADEE17-1DDD-4B45-B8B6-603730BEEF5C}.Release|Any CPU.Build.0 = Release|Any CPU
	EndGlobalSection
	GlobalSection(SolutionProperties) = preSolution
		HideSolutionNode = FALSE
	EndGlobalSection
	GlobalSection(ExtensibilityGlobals) = postSolution
		SolutionGuid = {788AA0A8-C9CB-4BC8-9F85-0378100F16C2}
	EndGlobalSection
EndGlobal
